// !$*UTF8*$!
{
	archiveVersion = 1;
	classes = {
	};
	objectVersion = 50;
	objects = {

/* Begin PBXBuildFile section */
		64EA3FC12354F5D0004057E8 /* Assets.xcassets in Resources */ = {isa = PBXBuildFile; fileRef = 64EA3FC02354F5D0004057E8 /* Assets.xcassets */; };
		64EA3FC72354F5D0004057E8 /* LaunchScreen.storyboard in Resources */ = {isa = PBXBuildFile; fileRef = 64EA3FC52354F5D0004057E8 /* LaunchScreen.storyboard */; };
		64EA3FD22354F5D0004057E8 /* SlickrTests.swift in Sources */ = {isa = PBXBuildFile; fileRef = 64EA3FD12354F5D0004057E8 /* SlickrTests.swift */; };
		F80440326844FBD2FE735375 /* NetworkEngine.swift in Sources */ = {isa = PBXBuildFile; fileRef = F8044B95527BA068AC6DF014 /* NetworkEngine.swift */; };
		F80440CAF3E7431C6C760D53 /* AppDelegate.swift in Sources */ = {isa = PBXBuildFile; fileRef = F8044C40ED75A35E37DE96A3 /* AppDelegate.swift */; };
		F80441B79DFCC3F59BC5F154 /* PhotoInfo.swift in Sources */ = {isa = PBXBuildFile; fileRef = F8044C584D281289765FB8CD /* PhotoInfo.swift */; };
		F80442840E014AB13D0C3EDE /* DefaultFeedServiceTests.swift in Sources */ = {isa = PBXBuildFile; fileRef = F804407D76773D140E00B533 /* DefaultFeedServiceTests.swift */; };
		F80442C04A635BEB31A4E4CF /* ImageService.swift in Sources */ = {isa = PBXBuildFile; fileRef = F8044DEA836FFE1A37BB29F1 /* ImageService.swift */; };
		F80443BFB97C1A1F45FFC2CB /* RequestInfo.swift in Sources */ = {isa = PBXBuildFile; fileRef = F8044E0BB248AEBB86C18636 /* RequestInfo.swift */; };
		F80443EE86EA6F7DB2BE652F /* FeedService.swift in Sources */ = {isa = PBXBuildFile; fileRef = F8044B8EADD55DC4B2842563 /* FeedService.swift */; };
		F8044551FA290B3B60990CE8 /* MockedFlickrDataSource.swift in Sources */ = {isa = PBXBuildFile; fileRef = F804440F92C7B896C5D9438E /* MockedFlickrDataSource.swift */; };
		F804460C1CFCE1439382F8C7 /* FeedPage.swift in Sources */ = {isa = PBXBuildFile; fileRef = F8044298E584B0F9CC134DF8 /* FeedPage.swift */; };
		F8044620E27CE458C5A22685 /* SearchViewController.swift in Sources */ = {isa = PBXBuildFile; fileRef = F8044D22D717E3806E4D338B /* SearchViewController.swift */; };
		F804473BAAE815643EABD0B8 /* FlickrPhotosResponse.swift in Sources */ = {isa = PBXBuildFile; fileRef = F804402977220EC146DAD5F1 /* FlickrPhotosResponse.swift */; };
		F804486A1B396508B3407FC2 /* SearchInteractor.swift in Sources */ = {isa = PBXBuildFile; fileRef = F804487A12B4165FDB8D1734 /* SearchInteractor.swift */; };
		F80448B52B827C55DD2219B8 /* SearchScreenFactory.swift in Sources */ = {isa = PBXBuildFile; fileRef = F804479A1A393DEBEA0CB70D /* SearchScreenFactory.swift */; };
		F80448EBD0066C81349CB0B1 /* MockedNetworkEngine.swift in Sources */ = {isa = PBXBuildFile; fileRef = F80443231F96D229FDB95FC7 /* MockedNetworkEngine.swift */; };
		F8044958517CD9D65142D04A /* ImageURLBuilder.swift in Sources */ = {isa = PBXBuildFile; fileRef = F804479C26FF2642B1B88C24 /* ImageURLBuilder.swift */; };
		F80449EBF47304708648CCA5 /* main.swift in Sources */ = {isa = PBXBuildFile; fileRef = F80446496C4E90D14F25320C /* main.swift */; };
		F8044AE613B1826890C8A372 /* DefaultNetworkEngineTests.swift in Sources */ = {isa = PBXBuildFile; fileRef = F80444A24CF93E5D1CAF3CE6 /* DefaultNetworkEngineTests.swift */; };
		F8044B4CE13DB728079A6292 /* FlickrDataSource.swift in Sources */ = {isa = PBXBuildFile; fileRef = F80441CB4BAC063F9D438B3D /* FlickrDataSource.swift */; };
		F8044C5D482D36314385E220 /* search.json in Resources */ = {isa = PBXBuildFile; fileRef = F80448B50212160918E376CF /* search.json */; };
		F8044CB18ADF034277519616 /* DefaultImageURLBuilderTests.swift in Sources */ = {isa = PBXBuildFile; fileRef = F8044AE0B5D93AEF06040E03 /* DefaultImageURLBuilderTests.swift */; };
		F8044CB7AC89961121EA2E15 /* recent.json in Resources */ = {isa = PBXBuildFile; fileRef = F80448E7C8AF0F6B4FEC0A19 /* recent.json */; };
		F8044D76FA4EBAB328FDAF08 /* Constants.swift in Sources */ = {isa = PBXBuildFile; fileRef = F8044CD39E49EBEC54D52CFB /* Constants.swift */; };
		F8044DE32A686728D86BA341 /* Cancelable.swift in Sources */ = {isa = PBXBuildFile; fileRef = F80444D290F6E9761D226D5E /* Cancelable.swift */; };
		F8044DEBDE948738D6C0F267 /* SearchPresenter.swift in Sources */ = {isa = PBXBuildFile; fileRef = F80440CC6AC4E7FA65AB081D /* SearchPresenter.swift */; };
		F8044E89CCDB35714A468C60 /* Presentable.swift in Sources */ = {isa = PBXBuildFile; fileRef = F804485B7EFA8EAFD94B1A64 /* Presentable.swift */; };
		F8044EA48D3E923B7ABF4436 /* DefaultFlickrDataSourceTests.swift in Sources */ = {isa = PBXBuildFile; fileRef = F8044494B3AF4C23EB563FAB /* DefaultFlickrDataSourceTests.swift */; };
/* End PBXBuildFile section */

/* Begin PBXContainerItemProxy section */
		64EA3FCE2354F5D0004057E8 /* PBXContainerItemProxy */ = {
			isa = PBXContainerItemProxy;
			containerPortal = 64EA3FAF2354F5CF004057E8 /* Project object */;
			proxyType = 1;
			remoteGlobalIDString = 64EA3FB62354F5CF004057E8;
			remoteInfo = Slickr;
		};
/* End PBXContainerItemProxy section */

/* Begin PBXFileReference section */
		64EA3FB72354F5CF004057E8 /* Slickr.app */ = {isa = PBXFileReference; explicitFileType = wrapper.application; includeInIndex = 0; path = Slickr.app; sourceTree = BUILT_PRODUCTS_DIR; };
		64EA3FC02354F5D0004057E8 /* Assets.xcassets */ = {isa = PBXFileReference; lastKnownFileType = folder.assetcatalog; path = Assets.xcassets; sourceTree = "<group>"; };
		64EA3FC62354F5D0004057E8 /* Base */ = {isa = PBXFileReference; lastKnownFileType = file.storyboard; name = Base; path = Base.lproj/LaunchScreen.storyboard; sourceTree = "<group>"; };
		64EA3FC82354F5D0004057E8 /* Info.plist */ = {isa = PBXFileReference; lastKnownFileType = text.plist.xml; path = Info.plist; sourceTree = "<group>"; };
		64EA3FCD2354F5D0004057E8 /* SlickrTests.xctest */ = {isa = PBXFileReference; explicitFileType = wrapper.cfbundle; includeInIndex = 0; path = SlickrTests.xctest; sourceTree = BUILT_PRODUCTS_DIR; };
		64EA3FD12354F5D0004057E8 /* SlickrTests.swift */ = {isa = PBXFileReference; lastKnownFileType = sourcecode.swift; path = SlickrTests.swift; sourceTree = "<group>"; };
		64EA3FD32354F5D0004057E8 /* Info.plist */ = {isa = PBXFileReference; lastKnownFileType = text.plist.xml; path = Info.plist; sourceTree = "<group>"; };
		F804402977220EC146DAD5F1 /* FlickrPhotosResponse.swift */ = {isa = PBXFileReference; fileEncoding = 4; lastKnownFileType = sourcecode.swift; path = FlickrPhotosResponse.swift; sourceTree = "<group>"; };
		F804407D76773D140E00B533 /* DefaultFeedServiceTests.swift */ = {isa = PBXFileReference; fileEncoding = 4; lastKnownFileType = sourcecode.swift; path = DefaultFeedServiceTests.swift; sourceTree = "<group>"; };
		F80440CC6AC4E7FA65AB081D /* SearchPresenter.swift */ = {isa = PBXFileReference; fileEncoding = 4; lastKnownFileType = sourcecode.swift; path = SearchPresenter.swift; sourceTree = "<group>"; };
		F80441CB4BAC063F9D438B3D /* FlickrDataSource.swift */ = {isa = PBXFileReference; fileEncoding = 4; lastKnownFileType = sourcecode.swift; path = FlickrDataSource.swift; sourceTree = "<group>"; };
		F8044298E584B0F9CC134DF8 /* FeedPage.swift */ = {isa = PBXFileReference; fileEncoding = 4; lastKnownFileType = sourcecode.swift; path = FeedPage.swift; sourceTree = "<group>"; };
		F80443231F96D229FDB95FC7 /* MockedNetworkEngine.swift */ = {isa = PBXFileReference; fileEncoding = 4; lastKnownFileType = sourcecode.swift; path = MockedNetworkEngine.swift; sourceTree = "<group>"; };
		F804440F92C7B896C5D9438E /* MockedFlickrDataSource.swift */ = {isa = PBXFileReference; fileEncoding = 4; lastKnownFileType = sourcecode.swift; path = MockedFlickrDataSource.swift; sourceTree = "<group>"; };
		F8044494B3AF4C23EB563FAB /* DefaultFlickrDataSourceTests.swift */ = {isa = PBXFileReference; fileEncoding = 4; lastKnownFileType = sourcecode.swift; path = DefaultFlickrDataSourceTests.swift; sourceTree = "<group>"; };
		F80444A24CF93E5D1CAF3CE6 /* DefaultNetworkEngineTests.swift */ = {isa = PBXFileReference; fileEncoding = 4; lastKnownFileType = sourcecode.swift; path = DefaultNetworkEngineTests.swift; sourceTree = "<group>"; };
		F80444D290F6E9761D226D5E /* Cancelable.swift */ = {isa = PBXFileReference; fileEncoding = 4; lastKnownFileType = sourcecode.swift; path = Cancelable.swift; sourceTree = "<group>"; };
		F80446496C4E90D14F25320C /* main.swift */ = {isa = PBXFileReference; fileEncoding = 4; lastKnownFileType = sourcecode.swift; path = main.swift; sourceTree = "<group>"; };
		F804479A1A393DEBEA0CB70D /* SearchScreenFactory.swift */ = {isa = PBXFileReference; fileEncoding = 4; lastKnownFileType = sourcecode.swift; path = SearchScreenFactory.swift; sourceTree = "<group>"; };
		F804479C26FF2642B1B88C24 /* ImageURLBuilder.swift */ = {isa = PBXFileReference; fileEncoding = 4; lastKnownFileType = sourcecode.swift; path = ImageURLBuilder.swift; sourceTree = "<group>"; };
		F804485B7EFA8EAFD94B1A64 /* Presentable.swift */ = {isa = PBXFileReference; fileEncoding = 4; lastKnownFileType = sourcecode.swift; path = Presentable.swift; sourceTree = "<group>"; };
		F804487A12B4165FDB8D1734 /* SearchInteractor.swift */ = {isa = PBXFileReference; fileEncoding = 4; lastKnownFileType = sourcecode.swift; path = SearchInteractor.swift; sourceTree = "<group>"; };
		F80448B50212160918E376CF /* search.json */ = {isa = PBXFileReference; fileEncoding = 4; lastKnownFileType = text.json; path = search.json; sourceTree = "<group>"; };
		F80448E7C8AF0F6B4FEC0A19 /* recent.json */ = {isa = PBXFileReference; fileEncoding = 4; lastKnownFileType = text.json; path = recent.json; sourceTree = "<group>"; };
		F8044AE0B5D93AEF06040E03 /* DefaultImageURLBuilderTests.swift */ = {isa = PBXFileReference; fileEncoding = 4; lastKnownFileType = sourcecode.swift; path = DefaultImageURLBuilderTests.swift; sourceTree = "<group>"; };
		F8044B8EADD55DC4B2842563 /* FeedService.swift */ = {isa = PBXFileReference; fileEncoding = 4; lastKnownFileType = sourcecode.swift; path = FeedService.swift; sourceTree = "<group>"; };
		F8044B95527BA068AC6DF014 /* NetworkEngine.swift */ = {isa = PBXFileReference; fileEncoding = 4; lastKnownFileType = sourcecode.swift; path = NetworkEngine.swift; sourceTree = "<group>"; };
		F8044C40ED75A35E37DE96A3 /* AppDelegate.swift */ = {isa = PBXFileReference; fileEncoding = 4; lastKnownFileType = sourcecode.swift; path = AppDelegate.swift; sourceTree = "<group>"; };
		F8044C584D281289765FB8CD /* PhotoInfo.swift */ = {isa = PBXFileReference; fileEncoding = 4; lastKnownFileType = sourcecode.swift; path = PhotoInfo.swift; sourceTree = "<group>"; };
		F8044CD39E49EBEC54D52CFB /* Constants.swift */ = {isa = PBXFileReference; fileEncoding = 4; lastKnownFileType = sourcecode.swift; path = Constants.swift; sourceTree = "<group>"; };
		F8044D22D717E3806E4D338B /* SearchViewController.swift */ = {isa = PBXFileReference; fileEncoding = 4; lastKnownFileType = sourcecode.swift; path = SearchViewController.swift; sourceTree = "<group>"; };
		F8044DEA836FFE1A37BB29F1 /* ImageService.swift */ = {isa = PBXFileReference; fileEncoding = 4; lastKnownFileType = sourcecode.swift; path = ImageService.swift; sourceTree = "<group>"; };
		F8044E0BB248AEBB86C18636 /* RequestInfo.swift */ = {isa = PBXFileReference; fileEncoding = 4; lastKnownFileType = sourcecode.swift; path = RequestInfo.swift; sourceTree = "<group>"; };
/* End PBXFileReference section */

/* Begin PBXFrameworksBuildPhase section */
		64EA3FB42354F5CF004057E8 /* Frameworks */ = {
			isa = PBXFrameworksBuildPhase;
			buildActionMask = 2147483647;
			files = (
			);
			runOnlyForDeploymentPostprocessing = 0;
		};
		64EA3FCA2354F5D0004057E8 /* Frameworks */ = {
			isa = PBXFrameworksBuildPhase;
			buildActionMask = 2147483647;
			files = (
			);
			runOnlyForDeploymentPostprocessing = 0;
		};
/* End PBXFrameworksBuildPhase section */

/* Begin PBXGroup section */
		64EA3FAE2354F5CF004057E8 = {
			isa = PBXGroup;
			children = (
				64EA3FB92354F5CF004057E8 /* Slickr */,
				64EA3FD02354F5D0004057E8 /* SlickrTests */,
				64EA3FB82354F5CF004057E8 /* Products */,
			);
			sourceTree = "<group>";
		};
		64EA3FB82354F5CF004057E8 /* Products */ = {
			isa = PBXGroup;
			children = (
				64EA3FB72354F5CF004057E8 /* Slickr.app */,
				64EA3FCD2354F5D0004057E8 /* SlickrTests.xctest */,
			);
			name = Products;
			sourceTree = "<group>";
		};
		64EA3FB92354F5CF004057E8 /* Slickr */ = {
			isa = PBXGroup;
			children = (
				64EA3FC02354F5D0004057E8 /* Assets.xcassets */,
				64EA3FC52354F5D0004057E8 /* LaunchScreen.storyboard */,
				64EA3FC82354F5D0004057E8 /* Info.plist */,
				F8044079F3E44793933E26CD /* Core */,
				F8044559C13CE6A87EA65141 /* SearchScreen */,
				F80442FA081EBCB46B465B3C /* Services */,
				F804409CCCB5FD1C145445CC /* DataSources */,
				F8044F91DD0D2F2861EEE88B /* Utils */,
			);
			path = Slickr;
			sourceTree = "<group>";
		};
		64EA3FD02354F5D0004057E8 /* SlickrTests */ = {
			isa = PBXGroup;
			children = (
				64EA3FD12354F5D0004057E8 /* SlickrTests.swift */,
				64EA3FD32354F5D0004057E8 /* Info.plist */,
				F8044D6A1D019587FF03E43A /* Fixtures */,
			);
			path = SlickrTests;
			sourceTree = "<group>";
		};
		F8044079F3E44793933E26CD /* Core */ = {
			isa = PBXGroup;
			children = (
				F8044C40ED75A35E37DE96A3 /* AppDelegate.swift */,
				F8044CD39E49EBEC54D52CFB /* Constants.swift */,
				F8044388D9C2E1FCFCC37576 /* Network */,
				F80446496C4E90D14F25320C /* main.swift */,
				F80444D290F6E9761D226D5E /* Cancelable.swift */,
			);
			path = Core;
			sourceTree = "<group>";
		};
		F804409CCCB5FD1C145445CC /* DataSources */ = {
			isa = PBXGroup;
			children = (
				F80441CB4BAC063F9D438B3D /* FlickrDataSource.swift */,
				F8044494B3AF4C23EB563FAB /* DefaultFlickrDataSourceTests.swift */,
				F804402977220EC146DAD5F1 /* FlickrPhotosResponse.swift */,
				F804440F92C7B896C5D9438E /* MockedFlickrDataSource.swift */,
			);
			path = DataSources;
			sourceTree = "<group>";
		};
		F80442FA081EBCB46B465B3C /* Services */ = {
			isa = PBXGroup;
			children = (
				F8044906ECEE81289AFBD0E4 /* FeedService */,
				F804480C173735B2F98170E9 /* Entities */,
				F80448824833AFEC4FC4DF33 /* ImageService */,
			);
			path = Services;
			sourceTree = "<group>";
		};
		F8044388D9C2E1FCFCC37576 /* Network */ = {
			isa = PBXGroup;
			children = (
				F8044B95527BA068AC6DF014 /* NetworkEngine.swift */,
				F80444A24CF93E5D1CAF3CE6 /* DefaultNetworkEngineTests.swift */,
				F80443231F96D229FDB95FC7 /* MockedNetworkEngine.swift */,
				F8044E0BB248AEBB86C18636 /* RequestInfo.swift */,
			);
			path = Network;
			sourceTree = "<group>";
		};
		F80443E144C9FD43C613B308 /* ImageURLBuilder */ = {
			isa = PBXGroup;
			children = (
				F8044AE0B5D93AEF06040E03 /* DefaultImageURLBuilderTests.swift */,
				F804479C26FF2642B1B88C24 /* ImageURLBuilder.swift */,
			);
			path = ImageURLBuilder;
			sourceTree = "<group>";
		};
		F8044559C13CE6A87EA65141 /* SearchScreen */ = {
			isa = PBXGroup;
			children = (
				F8044D22D717E3806E4D338B /* SearchViewController.swift */,
				F804487A12B4165FDB8D1734 /* SearchInteractor.swift */,
				F80440CC6AC4E7FA65AB081D /* SearchPresenter.swift */,
				F804479A1A393DEBEA0CB70D /* SearchScreenFactory.swift */,
			);
			path = SearchScreen;
			sourceTree = "<group>";
		};
		F804480C173735B2F98170E9 /* Entities */ = {
			isa = PBXGroup;
			children = (
				F8044298E584B0F9CC134DF8 /* FeedPage.swift */,
				F8044C584D281289765FB8CD /* PhotoInfo.swift */,
			);
			path = Entities;
			sourceTree = "<group>";
		};
		F80448824833AFEC4FC4DF33 /* ImageService */ = {
			isa = PBXGroup;
			children = (
				F8044DEA836FFE1A37BB29F1 /* ImageService.swift */,
			);
			path = ImageService;
			sourceTree = "<group>";
		};
		F8044906ECEE81289AFBD0E4 /* FeedService */ = {
			isa = PBXGroup;
			children = (
				F8044B8EADD55DC4B2842563 /* FeedService.swift */,
				F804407D76773D140E00B533 /* DefaultFeedServiceTests.swift */,
				F80443E144C9FD43C613B308 /* ImageURLBuilder */,
			);
			path = FeedService;
			sourceTree = "<group>";
		};
		F8044D6A1D019587FF03E43A /* Fixtures */ = {
			isa = PBXGroup;
			children = (
				F80448B50212160918E376CF /* search.json */,
				F80448E7C8AF0F6B4FEC0A19 /* recent.json */,
			);
			path = Fixtures;
			sourceTree = "<group>";
		};
		F8044F91DD0D2F2861EEE88B /* Utils */ = {
			isa = PBXGroup;
			children = (
				F804485B7EFA8EAFD94B1A64 /* Presentable.swift */,
			);
			path = Utils;
			sourceTree = "<group>";
		};
/* End PBXGroup section */

/* Begin PBXNativeTarget section */
		64EA3FB62354F5CF004057E8 /* Slickr */ = {
			isa = PBXNativeTarget;
			buildConfigurationList = 64EA3FD62354F5D0004057E8 /* Build configuration list for PBXNativeTarget "Slickr" */;
			buildPhases = (
				64EA3FB32354F5CF004057E8 /* Sources */,
				64EA3FB42354F5CF004057E8 /* Frameworks */,
				64EA3FB52354F5CF004057E8 /* Resources */,
			);
			buildRules = (
			);
			dependencies = (
			);
			name = Slickr;
			productName = Slickr;
			productReference = 64EA3FB72354F5CF004057E8 /* Slickr.app */;
			productType = "com.apple.product-type.application";
		};
		64EA3FCC2354F5D0004057E8 /* SlickrTests */ = {
			isa = PBXNativeTarget;
			buildConfigurationList = 64EA3FD92354F5D0004057E8 /* Build configuration list for PBXNativeTarget "SlickrTests" */;
			buildPhases = (
				64EA3FC92354F5D0004057E8 /* Sources */,
				64EA3FCA2354F5D0004057E8 /* Frameworks */,
				64EA3FCB2354F5D0004057E8 /* Resources */,
			);
			buildRules = (
			);
			dependencies = (
				64EA3FCF2354F5D0004057E8 /* PBXTargetDependency */,
			);
			name = SlickrTests;
			productName = SlickrTests;
			productReference = 64EA3FCD2354F5D0004057E8 /* SlickrTests.xctest */;
			productType = "com.apple.product-type.bundle.unit-test";
		};
/* End PBXNativeTarget section */

/* Begin PBXProject section */
		64EA3FAF2354F5CF004057E8 /* Project object */ = {
			isa = PBXProject;
			attributes = {
				LastSwiftUpdateCheck = 1110;
				LastUpgradeCheck = 1110;
				ORGANIZATIONNAME = "Igor Tarasenko";
				TargetAttributes = {
					64EA3FB62354F5CF004057E8 = {
						CreatedOnToolsVersion = 11.1;
					};
					64EA3FCC2354F5D0004057E8 = {
						CreatedOnToolsVersion = 11.1;
						TestTargetID = 64EA3FB62354F5CF004057E8;
					};
				};
			};
			buildConfigurationList = 64EA3FB22354F5CF004057E8 /* Build configuration list for PBXProject "Slickr" */;
			compatibilityVersion = "Xcode 9.3";
			developmentRegion = en;
			hasScannedForEncodings = 0;
			knownRegions = (
				en,
				Base,
			);
			mainGroup = 64EA3FAE2354F5CF004057E8;
			productRefGroup = 64EA3FB82354F5CF004057E8 /* Products */;
			projectDirPath = "";
			projectRoot = "";
			targets = (
				64EA3FB62354F5CF004057E8 /* Slickr */,
				64EA3FCC2354F5D0004057E8 /* SlickrTests */,
			);
		};
/* End PBXProject section */

/* Begin PBXResourcesBuildPhase section */
		64EA3FB52354F5CF004057E8 /* Resources */ = {
			isa = PBXResourcesBuildPhase;
			buildActionMask = 2147483647;
			files = (
				64EA3FC72354F5D0004057E8 /* LaunchScreen.storyboard in Resources */,
				64EA3FC12354F5D0004057E8 /* Assets.xcassets in Resources */,
			);
			runOnlyForDeploymentPostprocessing = 0;
		};
		64EA3FCB2354F5D0004057E8 /* Resources */ = {
			isa = PBXResourcesBuildPhase;
			buildActionMask = 2147483647;
			files = (
				F8044C5D482D36314385E220 /* search.json in Resources */,
				F8044CB7AC89961121EA2E15 /* recent.json in Resources */,
			);
			runOnlyForDeploymentPostprocessing = 0;
		};
/* End PBXResourcesBuildPhase section */

/* Begin PBXSourcesBuildPhase section */
		64EA3FB32354F5CF004057E8 /* Sources */ = {
			isa = PBXSourcesBuildPhase;
			buildActionMask = 2147483647;
			files = (
				F80440CAF3E7431C6C760D53 /* AppDelegate.swift in Sources */,
				F8044620E27CE458C5A22685 /* SearchViewController.swift in Sources */,
				F804486A1B396508B3407FC2 /* SearchInteractor.swift in Sources */,
				F8044DEBDE948738D6C0F267 /* SearchPresenter.swift in Sources */,
				F8044B4CE13DB728079A6292 /* FlickrDataSource.swift in Sources */,
				F8044D76FA4EBAB328FDAF08 /* Constants.swift in Sources */,
				F80440326844FBD2FE735375 /* NetworkEngine.swift in Sources */,
				F80448B52B827C55DD2219B8 /* SearchScreenFactory.swift in Sources */,
				F8044E89CCDB35714A468C60 /* Presentable.swift in Sources */,
				F80449EBF47304708648CCA5 /* main.swift in Sources */,
				F80443BFB97C1A1F45FFC2CB /* RequestInfo.swift in Sources */,
				F804473BAAE815643EABD0B8 /* FlickrPhotosResponse.swift in Sources */,
				F8044DE32A686728D86BA341 /* Cancelable.swift in Sources */,
				F80443EE86EA6F7DB2BE652F /* FeedService.swift in Sources */,
				F804460C1CFCE1439382F8C7 /* FeedPage.swift in Sources */,
				F80441B79DFCC3F59BC5F154 /* PhotoInfo.swift in Sources */,
				F8044958517CD9D65142D04A /* ImageURLBuilder.swift in Sources */,
				F80442C04A635BEB31A4E4CF /* ImageService.swift in Sources */,
			);
			runOnlyForDeploymentPostprocessing = 0;
		};
		64EA3FC92354F5D0004057E8 /* Sources */ = {
			isa = PBXSourcesBuildPhase;
			buildActionMask = 2147483647;
			files = (
				64EA3FD22354F5D0004057E8 /* SlickrTests.swift in Sources */,
				F8044AE613B1826890C8A372 /* DefaultNetworkEngineTests.swift in Sources */,
				F8044EA48D3E923B7ABF4436 /* DefaultFlickrDataSourceTests.swift in Sources */,
				F80448EBD0066C81349CB0B1 /* MockedNetworkEngine.swift in Sources */,
				F8044551FA290B3B60990CE8 /* MockedFlickrDataSource.swift in Sources */,
				F80442840E014AB13D0C3EDE /* DefaultFeedServiceTests.swift in Sources */,
				F8044CB18ADF034277519616 /* DefaultImageURLBuilderTests.swift in Sources */,
			);
			runOnlyForDeploymentPostprocessing = 0;
		};
/* End PBXSourcesBuildPhase section */

/* Begin PBXTargetDependency section */
		64EA3FCF2354F5D0004057E8 /* PBXTargetDependency */ = {
			isa = PBXTargetDependency;
			target = 64EA3FB62354F5CF004057E8 /* Slickr */;
			targetProxy = 64EA3FCE2354F5D0004057E8 /* PBXContainerItemProxy */;
		};
/* End PBXTargetDependency section */

/* Begin PBXVariantGroup section */
		64EA3FC52354F5D0004057E8 /* LaunchScreen.storyboard */ = {
			isa = PBXVariantGroup;
			children = (
				64EA3FC62354F5D0004057E8 /* Base */,
			);
			name = LaunchScreen.storyboard;
			sourceTree = "<group>";
		};
/* End PBXVariantGroup section */

/* Begin XCBuildConfiguration section */
		64EA3FD42354F5D0004057E8 /* Debug */ = {
			isa = XCBuildConfiguration;
			buildSettings = {
				ALWAYS_SEARCH_USER_PATHS = NO;
				CLANG_ANALYZER_NONNULL = YES;
				CLANG_ANALYZER_NUMBER_OBJECT_CONVERSION = YES_AGGRESSIVE;
				CLANG_CXX_LANGUAGE_STANDARD = "gnu++14";
				CLANG_CXX_LIBRARY = "libc++";
				CLANG_ENABLE_MODULES = YES;
				CLANG_ENABLE_OBJC_ARC = YES;
				CLANG_ENABLE_OBJC_WEAK = YES;
				CLANG_WARN_BLOCK_CAPTURE_AUTORELEASING = YES;
				CLANG_WARN_BOOL_CONVERSION = YES;
				CLANG_WARN_COMMA = YES;
				CLANG_WARN_CONSTANT_CONVERSION = YES;
				CLANG_WARN_DEPRECATED_OBJC_IMPLEMENTATIONS = YES;
				CLANG_WARN_DIRECT_OBJC_ISA_USAGE = YES_ERROR;
				CLANG_WARN_DOCUMENTATION_COMMENTS = YES;
				CLANG_WARN_EMPTY_BODY = YES;
				CLANG_WARN_ENUM_CONVERSION = YES;
				CLANG_WARN_INFINITE_RECURSION = YES;
				CLANG_WARN_INT_CONVERSION = YES;
				CLANG_WARN_NON_LITERAL_NULL_CONVERSION = YES;
				CLANG_WARN_OBJC_IMPLICIT_RETAIN_SELF = YES;
				CLANG_WARN_OBJC_LITERAL_CONVERSION = YES;
				CLANG_WARN_OBJC_ROOT_CLASS = YES_ERROR;
				CLANG_WARN_RANGE_LOOP_ANALYSIS = YES;
				CLANG_WARN_STRICT_PROTOTYPES = YES;
				CLANG_WARN_SUSPICIOUS_MOVE = YES;
				CLANG_WARN_UNGUARDED_AVAILABILITY = YES_AGGRESSIVE;
				CLANG_WARN_UNREACHABLE_CODE = YES;
				CLANG_WARN__DUPLICATE_METHOD_MATCH = YES;
				COPY_PHASE_STRIP = NO;
				DEBUG_INFORMATION_FORMAT = dwarf;
				ENABLE_STRICT_OBJC_MSGSEND = YES;
				ENABLE_TESTABILITY = YES;
				GCC_C_LANGUAGE_STANDARD = gnu11;
				GCC_DYNAMIC_NO_PIC = NO;
				GCC_NO_COMMON_BLOCKS = YES;
				GCC_OPTIMIZATION_LEVEL = 0;
				GCC_PREPROCESSOR_DEFINITIONS = (
					"DEBUG=1",
					"$(inherited)",
				);
				GCC_WARN_64_TO_32_BIT_CONVERSION = YES;
				GCC_WARN_ABOUT_RETURN_TYPE = YES_ERROR;
				GCC_WARN_UNDECLARED_SELECTOR = YES;
				GCC_WARN_UNINITIALIZED_AUTOS = YES_AGGRESSIVE;
				GCC_WARN_UNUSED_FUNCTION = YES;
				GCC_WARN_UNUSED_VARIABLE = YES;
				IPHONEOS_DEPLOYMENT_TARGET = 10.0;
				MTL_ENABLE_DEBUG_INFO = INCLUDE_SOURCE;
				MTL_FAST_MATH = YES;
				ONLY_ACTIVE_ARCH = YES;
				SDKROOT = iphoneos;
				SWIFT_ACTIVE_COMPILATION_CONDITIONS = DEBUG;
				SWIFT_OPTIMIZATION_LEVEL = "-Onone";
			};
			name = Debug;
		};
		64EA3FD52354F5D0004057E8 /* Release */ = {
			isa = XCBuildConfiguration;
			buildSettings = {
				ALWAYS_SEARCH_USER_PATHS = NO;
				CLANG_ANALYZER_NONNULL = YES;
				CLANG_ANALYZER_NUMBER_OBJECT_CONVERSION = YES_AGGRESSIVE;
				CLANG_CXX_LANGUAGE_STANDARD = "gnu++14";
				CLANG_CXX_LIBRARY = "libc++";
				CLANG_ENABLE_MODULES = YES;
				CLANG_ENABLE_OBJC_ARC = YES;
				CLANG_ENABLE_OBJC_WEAK = YES;
				CLANG_WARN_BLOCK_CAPTURE_AUTORELEASING = YES;
				CLANG_WARN_BOOL_CONVERSION = YES;
				CLANG_WARN_COMMA = YES;
				CLANG_WARN_CONSTANT_CONVERSION = YES;
				CLANG_WARN_DEPRECATED_OBJC_IMPLEMENTATIONS = YES;
				CLANG_WARN_DIRECT_OBJC_ISA_USAGE = YES_ERROR;
				CLANG_WARN_DOCUMENTATION_COMMENTS = YES;
				CLANG_WARN_EMPTY_BODY = YES;
				CLANG_WARN_ENUM_CONVERSION = YES;
				CLANG_WARN_INFINITE_RECURSION = YES;
				CLANG_WARN_INT_CONVERSION = YES;
				CLANG_WARN_NON_LITERAL_NULL_CONVERSION = YES;
				CLANG_WARN_OBJC_IMPLICIT_RETAIN_SELF = YES;
				CLANG_WARN_OBJC_LITERAL_CONVERSION = YES;
				CLANG_WARN_OBJC_ROOT_CLASS = YES_ERROR;
				CLANG_WARN_RANGE_LOOP_ANALYSIS = YES;
				CLANG_WARN_STRICT_PROTOTYPES = YES;
				CLANG_WARN_SUSPICIOUS_MOVE = YES;
				CLANG_WARN_UNGUARDED_AVAILABILITY = YES_AGGRESSIVE;
				CLANG_WARN_UNREACHABLE_CODE = YES;
				CLANG_WARN__DUPLICATE_METHOD_MATCH = YES;
				COPY_PHASE_STRIP = NO;
				DEBUG_INFORMATION_FORMAT = "dwarf-with-dsym";
				ENABLE_NS_ASSERTIONS = NO;
				ENABLE_STRICT_OBJC_MSGSEND = YES;
				GCC_C_LANGUAGE_STANDARD = gnu11;
				GCC_NO_COMMON_BLOCKS = YES;
				GCC_WARN_64_TO_32_BIT_CONVERSION = YES;
				GCC_WARN_ABOUT_RETURN_TYPE = YES_ERROR;
				GCC_WARN_UNDECLARED_SELECTOR = YES;
				GCC_WARN_UNINITIALIZED_AUTOS = YES_AGGRESSIVE;
				GCC_WARN_UNUSED_FUNCTION = YES;
				GCC_WARN_UNUSED_VARIABLE = YES;
				IPHONEOS_DEPLOYMENT_TARGET = 10.0;
				MTL_ENABLE_DEBUG_INFO = NO;
				MTL_FAST_MATH = YES;
				SDKROOT = iphoneos;
				SWIFT_COMPILATION_MODE = wholemodule;
				SWIFT_OPTIMIZATION_LEVEL = "-O";
				VALIDATE_PRODUCT = YES;
			};
			name = Release;
		};
		64EA3FD72354F5D0004057E8 /* Debug */ = {
			isa = XCBuildConfiguration;
			buildSettings = {
				ASSETCATALOG_COMPILER_APPICON_NAME = AppIcon;
				CODE_SIGN_STYLE = Automatic;
				DEVELOPMENT_ASSET_PATHS = "\"Slickr/Preview Content\"";
				ENABLE_PREVIEWS = YES;
				INFOPLIST_FILE = Slickr/Info.plist;
				LD_RUNPATH_SEARCH_PATHS = (
					"$(inherited)",
					"@executable_path/Frameworks",
				);
				PRODUCT_BUNDLE_IDENTIFIER = com.igortarasenko.Slickr;
				PRODUCT_NAME = "$(TARGET_NAME)";
				SWIFT_VERSION = 5.0;
				TARGETED_DEVICE_FAMILY = "1,2";
			};
			name = Debug;
		};
		64EA3FD82354F5D0004057E8 /* Release */ = {
			isa = XCBuildConfiguration;
			buildSettings = {
				ASSETCATALOG_COMPILER_APPICON_NAME = AppIcon;
				CODE_SIGN_STYLE = Automatic;
				DEVELOPMENT_ASSET_PATHS = "\"Slickr/Preview Content\"";
				ENABLE_PREVIEWS = YES;
				INFOPLIST_FILE = Slickr/Info.plist;
				LD_RUNPATH_SEARCH_PATHS = (
					"$(inherited)",
					"@executable_path/Frameworks",
				);
				PRODUCT_BUNDLE_IDENTIFIER = com.igortarasenko.Slickr;
				PRODUCT_NAME = "$(TARGET_NAME)";
				SWIFT_VERSION = 5.0;
				TARGETED_DEVICE_FAMILY = "1,2";
			};
			name = Release;
		};
		64EA3FDA2354F5D0004057E8 /* Debug */ = {
			isa = XCBuildConfiguration;
			buildSettings = {
				ALWAYS_EMBED_SWIFT_STANDARD_LIBRARIES = YES;
				BUNDLE_LOADER = "$(TEST_HOST)";
				CODE_SIGN_STYLE = Automatic;
				INFOPLIST_FILE = SlickrTests/Info.plist;
				IPHONEOS_DEPLOYMENT_TARGET = 10.0;
				LD_RUNPATH_SEARCH_PATHS = (
					"$(inherited)",
					"@executable_path/Frameworks",
					"@loader_path/Frameworks",
				);
				PRODUCT_BUNDLE_IDENTIFIER = com.igortarasenko.SlickrTests;
				PRODUCT_NAME = "$(TARGET_NAME)";
				SWIFT_VERSION = 5.0;
				TARGETED_DEVICE_FAMILY = "1,2";
				TEST_HOST = "$(BUILT_PRODUCTS_DIR)/Slickr.app/Slickr";
			};
			name = Debug;
		};
		64EA3FDB2354F5D0004057E8 /* Release */ = {
			isa = XCBuildConfiguration;
			buildSettings = {
				ALWAYS_EMBED_SWIFT_STANDARD_LIBRARIES = YES;
				BUNDLE_LOADER = "$(TEST_HOST)";
				CODE_SIGN_STYLE = Automatic;
				INFOPLIST_FILE = SlickrTests/Info.plist;
				IPHONEOS_DEPLOYMENT_TARGET = 10.0;
				LD_RUNPATH_SEARCH_PATHS = (
					"$(inherited)",
					"@executable_path/Frameworks",
					"@loader_path/Frameworks",
				);
				PRODUCT_BUNDLE_IDENTIFIER = com.igortarasenko.SlickrTests;
				PRODUCT_NAME = "$(TARGET_NAME)";
				SWIFT_VERSION = 5.0;
				TARGETED_DEVICE_FAMILY = "1,2";
				TEST_HOST = "$(BUILT_PRODUCTS_DIR)/Slickr.app/Slickr";
			};
			name = Release;
		};
/* End XCBuildConfiguration section */

/* Begin XCConfigurationList section */
		64EA3FB22354F5CF004057E8 /* Build configuration list for PBXProject "Slickr" */ = {
			isa = XCConfigurationList;
			buildConfigurations = (
				64EA3FD42354F5D0004057E8 /* Debug */,
				64EA3FD52354F5D0004057E8 /* Release */,
			);
			defaultConfigurationIsVisible = 0;
			defaultConfigurationName = Release;
		};
		64EA3FD62354F5D0004057E8 /* Build configuration list for PBXNativeTarget "Slickr" */ = {
			isa = XCConfigurationList;
			buildConfigurations = (
				64EA3FD72354F5D0004057E8 /* Debug */,
				64EA3FD82354F5D0004057E8 /* Release */,
			);
			defaultConfigurationIsVisible = 0;
			defaultConfigurationName = Release;
		};
		64EA3FD92354F5D0004057E8 /* Build configuration list for PBXNativeTarget "SlickrTests" */ = {
			isa = XCConfigurationList;
			buildConfigurations = (
				64EA3FDA2354F5D0004057E8 /* Debug */,
				64EA3FDB2354F5D0004057E8 /* Release */,
			);
			defaultConfigurationIsVisible = 0;
			defaultConfigurationName = Release;
		};
/* End XCConfigurationList section */
	};
	rootObject = 64EA3FAF2354F5CF004057E8 /* Project object */;
}
